// !$*UTF8*$!
{
	archiveVersion = 1;
	classes = {
	};
	objectVersion = 56;
	objects = {

/* Begin PBXBuildFile section */
		212384C62C1980F50019D2D4 /* Shuttle_of_DestinyApp.swift in Sources */ = {isa = PBXBuildFile; fileRef = 212384C52C1980F50019D2D4 /* Shuttle_of_DestinyApp.swift */; };
		212384C82C1980F50019D2D4 /* ContentView.swift in Sources */ = {isa = PBXBuildFile; fileRef = 212384C72C1980F50019D2D4 /* ContentView.swift */; };
		212384CA2C1980F60019D2D4 /* Assets.xcassets in Resources */ = {isa = PBXBuildFile; fileRef = 212384C92C1980F60019D2D4 /* Assets.xcassets */; };
		212384CE2C1980F60019D2D4 /* Preview Assets.xcassets in Resources */ = {isa = PBXBuildFile; fileRef = 212384CD2C1980F60019D2D4 /* Preview Assets.xcassets */; };
		212384D52C1982780019D2D4 /* TypingAnimationView.swift in Sources */ = {isa = PBXBuildFile; fileRef = 212384D42C1982780019D2D4 /* TypingAnimationView.swift */; };
		E95E86502C25815500855500 /* gitignore in Resources */ = {isa = PBXBuildFile; fileRef = E95E864F2C25815500855500 /* gitignore */; };
		F70AA48A2C1ACFFF0081F425 /* DailyEvent.swift in Sources */ = {isa = PBXBuildFile; fileRef = F70AA4892C1ACFFF0081F425 /* DailyEvent.swift */; };
		F70AA48C2C1AD00A0081F425 /* HomeView.swift in Sources */ = {isa = PBXBuildFile; fileRef = F70AA48B2C1AD0090081F425 /* HomeView.swift */; };
		F70AA48F2C1AD0150081F425 /* SuddenEventLogic.swift in Sources */ = {isa = PBXBuildFile; fileRef = F70AA48E2C1AD0150081F425 /* SuddenEventLogic.swift */; };
		F70AA4912C1AD0210081F425 /* Color.swift in Sources */ = {isa = PBXBuildFile; fileRef = F70AA4902C1AD0210081F425 /* Color.swift */; };
		F70AA4932C1AD0440081F425 /* PointModel.swift in Sources */ = {isa = PBXBuildFile; fileRef = F70AA4922C1AD0440081F425 /* PointModel.swift */; };
		F70AA4952C1AD04A0081F425 /* SuddenPointModel.swift in Sources */ = {isa = PBXBuildFile; fileRef = F70AA4942C1AD04A0081F425 /* SuddenPointModel.swift */; };
		F70AA4972C1AE4680081F425 /* DaySummaryView.swift in Sources */ = {isa = PBXBuildFile; fileRef = F70AA4962C1AE4680081F425 /* DaySummaryView.swift */; };
		F7D4A4402C240BA500E99262 /* SuddenEventView.swift in Sources */ = {isa = PBXBuildFile; fileRef = F7D4A43F2C240BA500E99262 /* SuddenEventView.swift */; };
/* End PBXBuildFile section */

/* Begin PBXFileReference section */
		212384C22C1980F50019D2D4 /* Shuttle of Destiny.app */ = {isa = PBXFileReference; explicitFileType = wrapper.application; includeInIndex = 0; path = "Shuttle of Destiny.app"; sourceTree = BUILT_PRODUCTS_DIR; };
		212384C52C1980F50019D2D4 /* Shuttle_of_DestinyApp.swift */ = {isa = PBXFileReference; lastKnownFileType = sourcecode.swift; path = Shuttle_of_DestinyApp.swift; sourceTree = "<group>"; };
		212384C72C1980F50019D2D4 /* ContentView.swift */ = {isa = PBXFileReference; lastKnownFileType = sourcecode.swift; path = ContentView.swift; sourceTree = "<group>"; };
		212384C92C1980F60019D2D4 /* Assets.xcassets */ = {isa = PBXFileReference; lastKnownFileType = folder.assetcatalog; path = Assets.xcassets; sourceTree = "<group>"; };
		212384CB2C1980F60019D2D4 /* Shuttle_of_Destiny.entitlements */ = {isa = PBXFileReference; lastKnownFileType = text.plist.entitlements; path = Shuttle_of_Destiny.entitlements; sourceTree = "<group>"; };
		212384CD2C1980F60019D2D4 /* Preview Assets.xcassets */ = {isa = PBXFileReference; lastKnownFileType = folder.assetcatalog; path = "Preview Assets.xcassets"; sourceTree = "<group>"; };
		212384D42C1982780019D2D4 /* TypingAnimationView.swift */ = {isa = PBXFileReference; lastKnownFileType = sourcecode.swift; path = TypingAnimationView.swift; sourceTree = "<group>"; };
		E95E864F2C25815500855500 /* gitignore */ = {isa = PBXFileReference; lastKnownFileType = text; path = gitignore; sourceTree = "<group>"; };
		F70AA4892C1ACFFF0081F425 /* DailyEvent.swift */ = {isa = PBXFileReference; fileEncoding = 4; lastKnownFileType = sourcecode.swift; path = DailyEvent.swift; sourceTree = "<group>"; };
		F70AA48B2C1AD0090081F425 /* HomeView.swift */ = {isa = PBXFileReference; fileEncoding = 4; lastKnownFileType = sourcecode.swift; path = HomeView.swift; sourceTree = "<group>"; };
		F70AA48E2C1AD0150081F425 /* SuddenEventLogic.swift */ = {isa = PBXFileReference; fileEncoding = 4; lastKnownFileType = sourcecode.swift; path = SuddenEventLogic.swift; sourceTree = "<group>"; };
		F70AA4902C1AD0210081F425 /* Color.swift */ = {isa = PBXFileReference; fileEncoding = 4; lastKnownFileType = sourcecode.swift; path = Color.swift; sourceTree = "<group>"; };
		F70AA4922C1AD0440081F425 /* PointModel.swift */ = {isa = PBXFileReference; fileEncoding = 4; lastKnownFileType = sourcecode.swift; path = PointModel.swift; sourceTree = "<group>"; };
		F70AA4942C1AD04A0081F425 /* SuddenPointModel.swift */ = {isa = PBXFileReference; fileEncoding = 4; lastKnownFileType = sourcecode.swift; path = SuddenPointModel.swift; sourceTree = "<group>"; };
		F70AA4962C1AE4680081F425 /* DaySummaryView.swift */ = {isa = PBXFileReference; lastKnownFileType = sourcecode.swift; path = DaySummaryView.swift; sourceTree = "<group>"; };
		F7D4A43F2C240BA500E99262 /* SuddenEventView.swift */ = {isa = PBXFileReference; lastKnownFileType = sourcecode.swift; path = SuddenEventView.swift; sourceTree = "<group>"; };
/* End PBXFileReference section */

/* Begin PBXFrameworksBuildPhase section */
		212384BF2C1980F50019D2D4 /* Frameworks */ = {
			isa = PBXFrameworksBuildPhase;
			buildActionMask = 2147483647;
			files = (
			);
			runOnlyForDeploymentPostprocessing = 0;
		};
/* End PBXFrameworksBuildPhase section */

/* Begin PBXGroup section */
		212384B92C1980F50019D2D4 = {
			isa = PBXGroup;
			children = (
				E95E864F2C25815500855500 /* gitignore */,
				212384C42C1980F50019D2D4 /* Shuttle of Destiny */,
				212384C32C1980F50019D2D4 /* Products */,
			);
			sourceTree = "<group>";
		};
		212384C32C1980F50019D2D4 /* Products */ = {
			isa = PBXGroup;
			children = (
				212384C22C1980F50019D2D4 /* Shuttle of Destiny.app */,
			);
			name = Products;
			sourceTree = "<group>";
		};
		212384C42C1980F50019D2D4 /* Shuttle of Destiny */ = {
			isa = PBXGroup;
			children = (
				F70AA4902C1AD0210081F425 /* Color.swift */,
				F70AA48D2C1AD0150081F425 /* Logic */,
				212384D72C1989E40019D2D4 /* View */,
				212384D62C1989D90019D2D4 /* Model */,
				212384C92C1980F60019D2D4 /* Assets.xcassets */,
				212384CB2C1980F60019D2D4 /* Shuttle_of_Destiny.entitlements */,
				212384CC2C1980F60019D2D4 /* Preview Content */,
			);
			path = "Shuttle of Destiny";
			sourceTree = "<group>";
		};
		212384CC2C1980F60019D2D4 /* Preview Content */ = {
			isa = PBXGroup;
			children = (
				212384CD2C1980F60019D2D4 /* Preview Assets.xcassets */,
			);
			path = "Preview Content";
			sourceTree = "<group>";
		};
		212384D62C1989D90019D2D4 /* Model */ = {
			isa = PBXGroup;
			children = (
				F70AA4942C1AD04A0081F425 /* SuddenPointModel.swift */,
				F70AA4922C1AD0440081F425 /* PointModel.swift */,
				212384D42C1982780019D2D4 /* TypingAnimationView.swift */,
			);
			path = Model;
			sourceTree = "<group>";
		};
		212384D72C1989E40019D2D4 /* View */ = {
			isa = PBXGroup;
			children = (
				F70AA48B2C1AD0090081F425 /* HomeView.swift */,
				F70AA4892C1ACFFF0081F425 /* DailyEvent.swift */,
				212384C52C1980F50019D2D4 /* Shuttle_of_DestinyApp.swift */,
				212384C72C1980F50019D2D4 /* ContentView.swift */,
				F70AA4962C1AE4680081F425 /* DaySummaryView.swift */,
				F7D4A43F2C240BA500E99262 /* SuddenEventView.swift */,
			);
			path = View;
			sourceTree = "<group>";
		};
		F70AA48D2C1AD0150081F425 /* Logic */ = {
			isa = PBXGroup;
			children = (
				F70AA48E2C1AD0150081F425 /* SuddenEventLogic.swift */,
			);
			path = Logic;
			sourceTree = "<group>";
		};
/* End PBXGroup section */

/* Begin PBXNativeTarget section */
		212384C12C1980F50019D2D4 /* Shuttle of Destiny */ = {
			isa = PBXNativeTarget;
			buildConfigurationList = 212384D12C1980F60019D2D4 /* Build configuration list for PBXNativeTarget "Shuttle of Destiny" */;
			buildPhases = (
				212384BE2C1980F50019D2D4 /* Sources */,
				212384BF2C1980F50019D2D4 /* Frameworks */,
				212384C02C1980F50019D2D4 /* Resources */,
			);
			buildRules = (
			);
			dependencies = (
			);
			name = "Shuttle of Destiny";
			productName = "Shuttle of Destiny";
			productReference = 212384C22C1980F50019D2D4 /* Shuttle of Destiny.app */;
			productType = "com.apple.product-type.application";
		};
/* End PBXNativeTarget section */

/* Begin PBXProject section */
		212384BA2C1980F50019D2D4 /* Project object */ = {
			isa = PBXProject;
			attributes = {
				BuildIndependentTargetsInParallel = 1;
				LastSwiftUpdateCheck = 1540;
				LastUpgradeCheck = 1540;
				TargetAttributes = {
					212384C12C1980F50019D2D4 = {
						CreatedOnToolsVersion = 15.4;
					};
				};
			};
			buildConfigurationList = 212384BD2C1980F50019D2D4 /* Build configuration list for PBXProject "Shuttle of Destiny" */;
			compatibilityVersion = "Xcode 14.0";
			developmentRegion = en;
			hasScannedForEncodings = 0;
			knownRegions = (
				en,
				Base,
			);
			mainGroup = 212384B92C1980F50019D2D4;
			productRefGroup = 212384C32C1980F50019D2D4 /* Products */;
			projectDirPath = "";
			projectRoot = "";
			targets = (
				212384C12C1980F50019D2D4 /* Shuttle of Destiny */,
			);
		};
/* End PBXProject section */

/* Begin PBXResourcesBuildPhase section */
		212384C02C1980F50019D2D4 /* Resources */ = {
			isa = PBXResourcesBuildPhase;
			buildActionMask = 2147483647;
			files = (
				212384CE2C1980F60019D2D4 /* Preview Assets.xcassets in Resources */,
				E95E86502C25815500855500 /* gitignore in Resources */,
				212384CA2C1980F60019D2D4 /* Assets.xcassets in Resources */,
			);
			runOnlyForDeploymentPostprocessing = 0;
		};
/* End PBXResourcesBuildPhase section */

/* Begin PBXSourcesBuildPhase section */
		212384BE2C1980F50019D2D4 /* Sources */ = {
			isa = PBXSourcesBuildPhase;
			buildActionMask = 2147483647;
			files = (
				F70AA4972C1AE4680081F425 /* DaySummaryView.swift in Sources */,
				F70AA4952C1AD04A0081F425 /* SuddenPointModel.swift in Sources */,
				F7D4A4402C240BA500E99262 /* SuddenEventView.swift in Sources */,
				F70AA48A2C1ACFFF0081F425 /* DailyEvent.swift in Sources */,
				212384C82C1980F50019D2D4 /* ContentView.swift in Sources */,
				F70AA4912C1AD0210081F425 /* Color.swift in Sources */,
				212384D52C1982780019D2D4 /* TypingAnimationView.swift in Sources */,
				F70AA48C2C1AD00A0081F425 /* HomeView.swift in Sources */,
				F70AA48F2C1AD0150081F425 /* SuddenEventLogic.swift in Sources */,
				F70AA4932C1AD0440081F425 /* PointModel.swift in Sources */,
				212384C62C1980F50019D2D4 /* Shuttle_of_DestinyApp.swift in Sources */,
			);
			runOnlyForDeploymentPostprocessing = 0;
		};
/* End PBXSourcesBuildPhase section */

/* Begin XCBuildConfiguration section */
		212384CF2C1980F60019D2D4 /* Debug */ = {
			isa = XCBuildConfiguration;
			buildSettings = {
				ALWAYS_SEARCH_USER_PATHS = NO;
				ASSETCATALOG_COMPILER_GENERATE_SWIFT_ASSET_SYMBOL_EXTENSIONS = YES;
				CLANG_ANALYZER_NONNULL = YES;
				CLANG_ANALYZER_NUMBER_OBJECT_CONVERSION = YES_AGGRESSIVE;
				CLANG_CXX_LANGUAGE_STANDARD = "gnu++20";
				CLANG_ENABLE_MODULES = YES;
				CLANG_ENABLE_OBJC_ARC = YES;
				CLANG_ENABLE_OBJC_WEAK = YES;
				CLANG_WARN_BLOCK_CAPTURE_AUTORELEASING = YES;
				CLANG_WARN_BOOL_CONVERSION = YES;
				CLANG_WARN_COMMA = YES;
				CLANG_WARN_CONSTANT_CONVERSION = YES;
				CLANG_WARN_DEPRECATED_OBJC_IMPLEMENTATIONS = YES;
				CLANG_WARN_DIRECT_OBJC_ISA_USAGE = YES_ERROR;
				CLANG_WARN_DOCUMENTATION_COMMENTS = YES;
				CLANG_WARN_EMPTY_BODY = YES;
				CLANG_WARN_ENUM_CONVERSION = YES;
				CLANG_WARN_INFINITE_RECURSION = YES;
				CLANG_WARN_INT_CONVERSION = YES;
				CLANG_WARN_NON_LITERAL_NULL_CONVERSION = YES;
				CLANG_WARN_OBJC_IMPLICIT_RETAIN_SELF = YES;
				CLANG_WARN_OBJC_LITERAL_CONVERSION = YES;
				CLANG_WARN_OBJC_ROOT_CLASS = YES_ERROR;
				CLANG_WARN_QUOTED_INCLUDE_IN_FRAMEWORK_HEADER = YES;
				CLANG_WARN_RANGE_LOOP_ANALYSIS = YES;
				CLANG_WARN_STRICT_PROTOTYPES = YES;
				CLANG_WARN_SUSPICIOUS_MOVE = YES;
				CLANG_WARN_UNGUARDED_AVAILABILITY = YES_AGGRESSIVE;
				CLANG_WARN_UNREACHABLE_CODE = YES;
				CLANG_WARN__DUPLICATE_METHOD_MATCH = YES;
				COPY_PHASE_STRIP = NO;
				DEBUG_INFORMATION_FORMAT = dwarf;
				ENABLE_STRICT_OBJC_MSGSEND = YES;
				ENABLE_TESTABILITY = YES;
				ENABLE_USER_SCRIPT_SANDBOXING = YES;
				GCC_C_LANGUAGE_STANDARD = gnu17;
				GCC_DYNAMIC_NO_PIC = NO;
				GCC_NO_COMMON_BLOCKS = YES;
				GCC_OPTIMIZATION_LEVEL = 0;
				GCC_PREPROCESSOR_DEFINITIONS = (
					"DEBUG=1",
					"$(inherited)",
				);
				GCC_WARN_64_TO_32_BIT_CONVERSION = YES;
				GCC_WARN_ABOUT_RETURN_TYPE = YES_ERROR;
				GCC_WARN_UNDECLARED_SELECTOR = YES;
				GCC_WARN_UNINITIALIZED_AUTOS = YES_AGGRESSIVE;
				GCC_WARN_UNUSED_FUNCTION = YES;
				GCC_WARN_UNUSED_VARIABLE = YES;
				LOCALIZATION_PREFERS_STRING_CATALOGS = YES;
				MTL_ENABLE_DEBUG_INFO = INCLUDE_SOURCE;
				MTL_FAST_MATH = YES;
				ONLY_ACTIVE_ARCH = YES;
				SWIFT_ACTIVE_COMPILATION_CONDITIONS = "DEBUG $(inherited)";
				SWIFT_OPTIMIZATION_LEVEL = "-Onone";
			};
			name = Debug;
		};
		212384D02C1980F60019D2D4 /* Release */ = {
			isa = XCBuildConfiguration;
			buildSettings = {
				ALWAYS_SEARCH_USER_PATHS = NO;
				ASSETCATALOG_COMPILER_GENERATE_SWIFT_ASSET_SYMBOL_EXTENSIONS = YES;
				CLANG_ANALYZER_NONNULL = YES;
				CLANG_ANALYZER_NUMBER_OBJECT_CONVERSION = YES_AGGRESSIVE;
				CLANG_CXX_LANGUAGE_STANDARD = "gnu++20";
				CLANG_ENABLE_MODULES = YES;
				CLANG_ENABLE_OBJC_ARC = YES;
				CLANG_ENABLE_OBJC_WEAK = YES;
				CLANG_WARN_BLOCK_CAPTURE_AUTORELEASING = YES;
				CLANG_WARN_BOOL_CONVERSION = YES;
				CLANG_WARN_COMMA = YES;
				CLANG_WARN_CONSTANT_CONVERSION = YES;
				CLANG_WARN_DEPRECATED_OBJC_IMPLEMENTATIONS = YES;
				CLANG_WARN_DIRECT_OBJC_ISA_USAGE = YES_ERROR;
				CLANG_WARN_DOCUMENTATION_COMMENTS = YES;
				CLANG_WARN_EMPTY_BODY = YES;
				CLANG_WARN_ENUM_CONVERSION = YES;
				CLANG_WARN_INFINITE_RECURSION = YES;
				CLANG_WARN_INT_CONVERSION = YES;
				CLANG_WARN_NON_LITERAL_NULL_CONVERSION = YES;
				CLANG_WARN_OBJC_IMPLICIT_RETAIN_SELF = YES;
				CLANG_WARN_OBJC_LITERAL_CONVERSION = YES;
				CLANG_WARN_OBJC_ROOT_CLASS = YES_ERROR;
				CLANG_WARN_QUOTED_INCLUDE_IN_FRAMEWORK_HEADER = YES;
				CLANG_WARN_RANGE_LOOP_ANALYSIS = YES;
				CLANG_WARN_STRICT_PROTOTYPES = YES;
				CLANG_WARN_SUSPICIOUS_MOVE = YES;
				CLANG_WARN_UNGUARDED_AVAILABILITY = YES_AGGRESSIVE;
				CLANG_WARN_UNREACHABLE_CODE = YES;
				CLANG_WARN__DUPLICATE_METHOD_MATCH = YES;
				COPY_PHASE_STRIP = NO;
				DEBUG_INFORMATION_FORMAT = "dwarf-with-dsym";
				ENABLE_NS_ASSERTIONS = NO;
				ENABLE_STRICT_OBJC_MSGSEND = YES;
				ENABLE_USER_SCRIPT_SANDBOXING = YES;
				GCC_C_LANGUAGE_STANDARD = gnu17;
				GCC_NO_COMMON_BLOCKS = YES;
				GCC_WARN_64_TO_32_BIT_CONVERSION = YES;
				GCC_WARN_ABOUT_RETURN_TYPE = YES_ERROR;
				GCC_WARN_UNDECLARED_SELECTOR = YES;
				GCC_WARN_UNINITIALIZED_AUTOS = YES_AGGRESSIVE;
				GCC_WARN_UNUSED_FUNCTION = YES;
				GCC_WARN_UNUSED_VARIABLE = YES;
				LOCALIZATION_PREFERS_STRING_CATALOGS = YES;
				MTL_ENABLE_DEBUG_INFO = NO;
				MTL_FAST_MATH = YES;
				SWIFT_COMPILATION_MODE = wholemodule;
			};
			name = Release;
		};
		212384D22C1980F60019D2D4 /* Debug */ = {
			isa = XCBuildConfiguration;
			buildSettings = {
				ASSETCATALOG_COMPILER_APPICON_NAME = AppIcon;
				ASSETCATALOG_COMPILER_GLOBAL_ACCENT_COLOR_NAME = AccentColor;
				CODE_SIGN_ENTITLEMENTS = "Shuttle of Destiny/Shuttle_of_Destiny.entitlements";
				CODE_SIGN_STYLE = Automatic;
				CURRENT_PROJECT_VERSION = 1;
				DEVELOPMENT_ASSET_PATHS = "\"Shuttle of Destiny/Preview Content\"";
				DEVELOPMENT_TEAM = 7ZGNG2S2A2;
				ENABLE_HARDENED_RUNTIME = YES;
				ENABLE_PREVIEWS = YES;
				GENERATE_INFOPLIST_FILE = YES;
				"INFOPLIST_KEY_UIApplicationSceneManifest_Generation[sdk=iphoneos*]" = YES;
				"INFOPLIST_KEY_UIApplicationSceneManifest_Generation[sdk=iphonesimulator*]" = YES;
				"INFOPLIST_KEY_UIApplicationSupportsIndirectInputEvents[sdk=iphoneos*]" = YES;
				"INFOPLIST_KEY_UIApplicationSupportsIndirectInputEvents[sdk=iphonesimulator*]" = YES;
				"INFOPLIST_KEY_UILaunchScreen_Generation[sdk=iphoneos*]" = YES;
				"INFOPLIST_KEY_UILaunchScreen_Generation[sdk=iphonesimulator*]" = YES;
				"INFOPLIST_KEY_UIStatusBarStyle[sdk=iphoneos*]" = UIStatusBarStyleDefault;
				"INFOPLIST_KEY_UIStatusBarStyle[sdk=iphonesimulator*]" = UIStatusBarStyleDefault;
				INFOPLIST_KEY_UISupportedInterfaceOrientations = UIInterfaceOrientationLandscapeRight;
				IPHONEOS_DEPLOYMENT_TARGET = 17.2;
				LD_RUNPATH_SEARCH_PATHS = "@executable_path/Frameworks";
				"LD_RUNPATH_SEARCH_PATHS[sdk=macosx*]" = "@executable_path/../Frameworks";
				MACOSX_DEPLOYMENT_TARGET = 14.2;
				MARKETING_VERSION = 1.0;
				PRODUCT_BUNDLE_IDENTIFIER = "balya.Shuttle-of-Destiny";
				PRODUCT_NAME = "$(TARGET_NAME)";
				SDKROOT = auto;
				SUPPORTED_PLATFORMS = "iphoneos iphonesimulator macosx";
				SWIFT_EMIT_LOC_STRINGS = YES;
				SWIFT_VERSION = 5.0;
				TARGETED_DEVICE_FAMILY = "1,2";
			};
			name = Debug;
		};
		212384D32C1980F60019D2D4 /* Release */ = {
			isa = XCBuildConfiguration;
			buildSettings = {
				ASSETCATALOG_COMPILER_APPICON_NAME = AppIcon;
				ASSETCATALOG_COMPILER_GLOBAL_ACCENT_COLOR_NAME = AccentColor;
				CODE_SIGN_ENTITLEMENTS = "Shuttle of Destiny/Shuttle_of_Destiny.entitlements";
				CODE_SIGN_STYLE = Automatic;
				CURRENT_PROJECT_VERSION = 1;
				DEVELOPMENT_ASSET_PATHS = "\"Shuttle of Destiny/Preview Content\"";
				DEVELOPMENT_TEAM = 7ZGNG2S2A2;
				ENABLE_HARDENED_RUNTIME = YES;
				ENABLE_PREVIEWS = YES;
				GENERATE_INFOPLIST_FILE = YES;
				"INFOPLIST_KEY_UIApplicationSceneManifest_Generation[sdk=iphoneos*]" = YES;
				"INFOPLIST_KEY_UIApplicationSceneManifest_Generation[sdk=iphonesimulator*]" = YES;
				"INFOPLIST_KEY_UIApplicationSupportsIndirectInputEvents[sdk=iphoneos*]" = YES;
				"INFOPLIST_KEY_UIApplicationSupportsIndirectInputEvents[sdk=iphonesimulator*]" = YES;
				"INFOPLIST_KEY_UILaunchScreen_Generation[sdk=iphoneos*]" = YES;
				"INFOPLIST_KEY_UILaunchScreen_Generation[sdk=iphonesimulator*]" = YES;
				"INFOPLIST_KEY_UIStatusBarStyle[sdk=iphoneos*]" = UIStatusBarStyleDefault;
				"INFOPLIST_KEY_UIStatusBarStyle[sdk=iphonesimulator*]" = UIStatusBarStyleDefault;
				INFOPLIST_KEY_UISupportedInterfaceOrientations = UIInterfaceOrientationLandscapeRight;
				IPHONEOS_DEPLOYMENT_TARGET = 17.2;
				LD_RUNPATH_SEARCH_PATHS = "@executable_path/Frameworks";
				"LD_RUNPATH_SEARCH_PATHS[sdk=macosx*]" = "@executable_path/../Frameworks";
				MACOSX_DEPLOYMENT_TARGET = 14.2;
				MARKETING_VERSION = 1.0;
				PRODUCT_BUNDLE_IDENTIFIER = "balya.Shuttle-of-Destiny";
				PRODUCT_NAME = "$(TARGET_NAME)";
				SDKROOT = auto;
				SUPPORTED_PLATFORMS = "iphoneos iphonesimulator macosx";
				SWIFT_EMIT_LOC_STRINGS = YES;
				SWIFT_VERSION = 5.0;
				TARGETED_DEVICE_FAMILY = "1,2";
			};
			name = Release;
		};
/* End XCBuildConfiguration section */

/* Begin XCConfigurationList section */
		212384BD2C1980F50019D2D4 /* Build configuration list for PBXProject "Shuttle of Destiny" */ = {
			isa = XCConfigurationList;
			buildConfigurations = (
				212384CF2C1980F60019D2D4 /* Debug */,
				212384D02C1980F60019D2D4 /* Release */,
			);
			defaultConfigurationIsVisible = 0;
			defaultConfigurationName = Release;
		};
		212384D12C1980F60019D2D4 /* Build configuration list for PBXNativeTarget "Shuttle of Destiny" */ = {
			isa = XCConfigurationList;
			buildConfigurations = (
				212384D22C1980F60019D2D4 /* Debug */,
				212384D32C1980F60019D2D4 /* Release */,
			);
			defaultConfigurationIsVisible = 0;
			defaultConfigurationName = Release;
		};
/* End XCConfigurationList section */
	};
	rootObject = 212384BA2C1980F50019D2D4 /* Project object */;
}
