// !$*UTF8*$!
{
	archiveVersion = 1;
	classes = {
	};
	objectVersion = 56;
	objects = {

/* Begin PBXBuildFile section */
		211A343C2C22F57700F76A47 /* bad_ed_music.mp3 in Resources */ = {isa = PBXBuildFile; fileRef = 211A34372C22F57700F76A47 /* bad_ed_music.mp3 */; };
		211A343D2C22F57700F76A47 /* adv_music.mp3 in Resources */ = {isa = PBXBuildFile; fileRef = 211A34382C22F57700F76A47 /* adv_music.mp3 */; };
		211A343E2C22F57700F76A47 /* neutral_ed_music.mp3 in Resources */ = {isa = PBXBuildFile; fileRef = 211A34392C22F57700F76A47 /* neutral_ed_music.mp3 */; };
		211A343F2C22F57700F76A47 /* good_ed_music.mp3 in Resources */ = {isa = PBXBuildFile; fileRef = 211A343A2C22F57700F76A47 /* good_ed_music.mp3 */; };
		211A34402C22F57700F76A47 /* prologue_music.mp3 in Resources */ = {isa = PBXBuildFile; fileRef = 211A343B2C22F57700F76A47 /* prologue_music.mp3 */; };
		212384CA2C1980F60019D2D4 /* Assets.xcassets in Resources */ = {isa = PBXBuildFile; fileRef = 212384C92C1980F60019D2D4 /* Assets.xcassets */; };
		212384CE2C1980F60019D2D4 /* Preview Assets.xcassets in Resources */ = {isa = PBXBuildFile; fileRef = 212384CD2C1980F60019D2D4 /* Preview Assets.xcassets */; };
		212384D52C1982780019D2D4 /* PrologView.swift in Sources */ = {isa = PBXBuildFile; fileRef = 212384D42C1982780019D2D4 /* PrologView.swift */; };
		21AA40082C26E87C004935D2 /* Color.swift in Sources */ = {isa = PBXBuildFile; fileRef = 21AA40072C26E87C004935D2 /* Color.swift */; };
		21AA400B2C26E900004935D2 /* SuddenEventLogic.swift in Sources */ = {isa = PBXBuildFile; fileRef = 21AA400A2C26E900004935D2 /* SuddenEventLogic.swift */; };
		21AA400D2C26E932004935D2 /* PointModel.swift in Sources */ = {isa = PBXBuildFile; fileRef = 21AA400C2C26E932004935D2 /* PointModel.swift */; };
		21AA400F2C26E9DA004935D2 /* SuddenPointModel.swift in Sources */ = {isa = PBXBuildFile; fileRef = 21AA400E2C26E9DA004935D2 /* SuddenPointModel.swift */; };
		21AA40112C26EA73004935D2 /* HomeView.swift in Sources */ = {isa = PBXBuildFile; fileRef = 21AA40102C26EA73004935D2 /* HomeView.swift */; };
		21AA40132C26EAC1004935D2 /* DailyEvent.swift in Sources */ = {isa = PBXBuildFile; fileRef = 21AA40122C26EAC0004935D2 /* DailyEvent.swift */; };
		21AA40172C26EB3A004935D2 /* SuddenEventView.swift in Sources */ = {isa = PBXBuildFile; fileRef = 21AA40162C26EB3A004935D2 /* SuddenEventView.swift */; };
		21AA40192C28A441004935D2 /* HomeScreenView.swift in Sources */ = {isa = PBXBuildFile; fileRef = 21AA40182C28A441004935D2 /* HomeScreenView.swift */; };
		E9039FAD2C21B280006182F6 /* EndingView.swift in Sources */ = {isa = PBXBuildFile; fileRef = E9039FAC2C21B280006182F6 /* EndingView.swift */; };
		E960D1002C1A89DE00C3979B /* PressStart2P-Regular.ttf in Resources */ = {isa = PBXBuildFile; fileRef = E960D0F12C1A89DE00C3979B /* PressStart2P-Regular.ttf */; };
		E960D1012C1A89DE00C3979B /* Constants.swift in Sources */ = {isa = PBXBuildFile; fileRef = E960D0F32C1A89DE00C3979B /* Constants.swift */; };
		E960D1022C1A89DE00C3979B /* Helper.swift in Sources */ = {isa = PBXBuildFile; fileRef = E960D0F42C1A89DE00C3979B /* Helper.swift */; };
		E960D1032C1A89DE00C3979B /* game_audio.mp3 in Resources */ = {isa = PBXBuildFile; fileRef = E960D0F62C1A89DE00C3979B /* game_audio.mp3 */; };
		E960D1042C1A89DE00C3979B /* menu_audio.mp3 in Resources */ = {isa = PBXBuildFile; fileRef = E960D0F72C1A89DE00C3979B /* menu_audio.mp3 */; };
		E960D1052C1A89DE00C3979B /* click_sfx.mp3 in Resources */ = {isa = PBXBuildFile; fileRef = E960D0F92C1A89DE00C3979B /* click_sfx.mp3 */; };
		E960D1062C1A89DE00C3979B /* end_of_day_sfx.mp3 in Resources */ = {isa = PBXBuildFile; fileRef = E960D0FA2C1A89DE00C3979B /* end_of_day_sfx.mp3 */; };
		E960D1072C1A89DE00C3979B /* start_of_day_sfx.mp3 in Resources */ = {isa = PBXBuildFile; fileRef = E960D0FB2C1A89DE00C3979B /* start_of_day_sfx.mp3 */; };
		E960D1092C1A89DE00C3979B /* Shuttle_of_DestinyApp.swift in Sources */ = {isa = PBXBuildFile; fileRef = E960D0FE2C1A89DE00C3979B /* Shuttle_of_DestinyApp.swift */; };
		E99A23F32C2414B400CF2FE0 /* Conversation.swift in Sources */ = {isa = PBXBuildFile; fileRef = E99A23F12C2414B400CF2FE0 /* Conversation.swift */; };
		E9C38DEE2C2BAA22006F5B90 /* WaitingView.swift in Sources */ = {isa = PBXBuildFile; fileRef = E9C38DED2C2BAA22006F5B90 /* WaitingView.swift */; };
		E9C3D4272C22B6AD008FD08C /* CreditsView.swift in Sources */ = {isa = PBXBuildFile; fileRef = E9C3D4262C22B6AD008FD08C /* CreditsView.swift */; };
		E9C3D4292C22BADD008FD08C /* AcknowledgementView.swift in Sources */ = {isa = PBXBuildFile; fileRef = E9C3D4282C22BADD008FD08C /* AcknowledgementView.swift */; };
		E9DD7FC92C2A999F00576C2E /* EndingViewModel.swift in Sources */ = {isa = PBXBuildFile; fileRef = E9DD7FC82C2A999F00576C2E /* EndingViewModel.swift */; };
		E9DD7FCB2C2AA25A00576C2E /* EndProgressView.swift in Sources */ = {isa = PBXBuildFile; fileRef = E9DD7FCA2C2AA25A00576C2E /* EndProgressView.swift */; };
		E9FD79442C20FECF004D531E /* VT323-Regular.ttf in Resources */ = {isa = PBXBuildFile; fileRef = E9FD79432C20FECF004D531E /* VT323-Regular.ttf */; };
		E9FD79462C20FF5E004D531E /* ADVView.swift in Sources */ = {isa = PBXBuildFile; fileRef = E9FD79452C20FF5E004D531E /* ADVView.swift */; };
/* End PBXBuildFile section */

/* Begin PBXFileReference section */
		211A34372C22F57700F76A47 /* bad_ed_music.mp3 */ = {isa = PBXFileReference; lastKnownFileType = audio.mp3; path = bad_ed_music.mp3; sourceTree = "<group>"; };
		211A34382C22F57700F76A47 /* adv_music.mp3 */ = {isa = PBXFileReference; lastKnownFileType = audio.mp3; path = adv_music.mp3; sourceTree = "<group>"; };
		211A34392C22F57700F76A47 /* neutral_ed_music.mp3 */ = {isa = PBXFileReference; lastKnownFileType = audio.mp3; path = neutral_ed_music.mp3; sourceTree = "<group>"; };
		211A343A2C22F57700F76A47 /* good_ed_music.mp3 */ = {isa = PBXFileReference; lastKnownFileType = audio.mp3; path = good_ed_music.mp3; sourceTree = "<group>"; };
		211A343B2C22F57700F76A47 /* prologue_music.mp3 */ = {isa = PBXFileReference; lastKnownFileType = audio.mp3; path = prologue_music.mp3; sourceTree = "<group>"; };
		212384C22C1980F50019D2D4 /* Shuttle of Destiny.app */ = {isa = PBXFileReference; explicitFileType = wrapper.application; includeInIndex = 0; path = "Shuttle of Destiny.app"; sourceTree = BUILT_PRODUCTS_DIR; };
		212384C92C1980F60019D2D4 /* Assets.xcassets */ = {isa = PBXFileReference; lastKnownFileType = folder.assetcatalog; path = Assets.xcassets; sourceTree = "<group>"; };
		212384CB2C1980F60019D2D4 /* Shuttle_of_Destiny.entitlements */ = {isa = PBXFileReference; lastKnownFileType = text.plist.entitlements; path = Shuttle_of_Destiny.entitlements; sourceTree = "<group>"; };
		212384CD2C1980F60019D2D4 /* Preview Assets.xcassets */ = {isa = PBXFileReference; lastKnownFileType = folder.assetcatalog; path = "Preview Assets.xcassets"; sourceTree = "<group>"; };
		212384D42C1982780019D2D4 /* PrologView.swift */ = {isa = PBXFileReference; lastKnownFileType = sourcecode.swift; path = PrologView.swift; sourceTree = "<group>"; };
		21AA40072C26E87C004935D2 /* Color.swift */ = {isa = PBXFileReference; lastKnownFileType = sourcecode.swift; path = Color.swift; sourceTree = "<group>"; };
		21AA400A2C26E900004935D2 /* SuddenEventLogic.swift */ = {isa = PBXFileReference; lastKnownFileType = sourcecode.swift; path = SuddenEventLogic.swift; sourceTree = "<group>"; };
		21AA400C2C26E932004935D2 /* PointModel.swift */ = {isa = PBXFileReference; lastKnownFileType = sourcecode.swift; path = PointModel.swift; sourceTree = "<group>"; };
		21AA400E2C26E9DA004935D2 /* SuddenPointModel.swift */ = {isa = PBXFileReference; lastKnownFileType = sourcecode.swift; path = SuddenPointModel.swift; sourceTree = "<group>"; };
		21AA40102C26EA73004935D2 /* HomeView.swift */ = {isa = PBXFileReference; lastKnownFileType = sourcecode.swift; path = HomeView.swift; sourceTree = "<group>"; };
		21AA40122C26EAC0004935D2 /* DailyEvent.swift */ = {isa = PBXFileReference; lastKnownFileType = sourcecode.swift; path = DailyEvent.swift; sourceTree = "<group>"; };
		21AA40162C26EB3A004935D2 /* SuddenEventView.swift */ = {isa = PBXFileReference; lastKnownFileType = sourcecode.swift; path = SuddenEventView.swift; sourceTree = "<group>"; };
		21AA40182C28A441004935D2 /* HomeScreenView.swift */ = {isa = PBXFileReference; lastKnownFileType = sourcecode.swift; path = HomeScreenView.swift; sourceTree = "<group>"; };
		E9039FAC2C21B280006182F6 /* EndingView.swift */ = {isa = PBXFileReference; fileEncoding = 4; lastKnownFileType = sourcecode.swift; path = EndingView.swift; sourceTree = "<group>"; };
		E93E45ED2C1ACED60064EE2C /* Shuttle-of-Destiny-Info.plist */ = {isa = PBXFileReference; lastKnownFileType = text.plist.xml; path = "Shuttle-of-Destiny-Info.plist"; sourceTree = SOURCE_ROOT; };
		E960D0F12C1A89DE00C3979B /* PressStart2P-Regular.ttf */ = {isa = PBXFileReference; lastKnownFileType = file; path = "PressStart2P-Regular.ttf"; sourceTree = "<group>"; };
		E960D0F32C1A89DE00C3979B /* Constants.swift */ = {isa = PBXFileReference; fileEncoding = 4; lastKnownFileType = sourcecode.swift; path = Constants.swift; sourceTree = "<group>"; };
		E960D0F42C1A89DE00C3979B /* Helper.swift */ = {isa = PBXFileReference; fileEncoding = 4; lastKnownFileType = sourcecode.swift; path = Helper.swift; sourceTree = "<group>"; };
		E960D0F62C1A89DE00C3979B /* game_audio.mp3 */ = {isa = PBXFileReference; lastKnownFileType = audio.mp3; path = game_audio.mp3; sourceTree = "<group>"; };
		E960D0F72C1A89DE00C3979B /* menu_audio.mp3 */ = {isa = PBXFileReference; lastKnownFileType = audio.mp3; path = menu_audio.mp3; sourceTree = "<group>"; };
		E960D0F92C1A89DE00C3979B /* click_sfx.mp3 */ = {isa = PBXFileReference; lastKnownFileType = audio.mp3; path = click_sfx.mp3; sourceTree = "<group>"; };
		E960D0FA2C1A89DE00C3979B /* end_of_day_sfx.mp3 */ = {isa = PBXFileReference; lastKnownFileType = audio.mp3; path = end_of_day_sfx.mp3; sourceTree = "<group>"; };
		E960D0FB2C1A89DE00C3979B /* start_of_day_sfx.mp3 */ = {isa = PBXFileReference; lastKnownFileType = audio.mp3; path = start_of_day_sfx.mp3; sourceTree = "<group>"; };
		E960D0FE2C1A89DE00C3979B /* Shuttle_of_DestinyApp.swift */ = {isa = PBXFileReference; fileEncoding = 4; lastKnownFileType = sourcecode.swift; path = Shuttle_of_DestinyApp.swift; sourceTree = "<group>"; };
		E99A23F12C2414B400CF2FE0 /* Conversation.swift */ = {isa = PBXFileReference; fileEncoding = 4; lastKnownFileType = sourcecode.swift; path = Conversation.swift; sourceTree = "<group>"; };
		E9C38DED2C2BAA22006F5B90 /* WaitingView.swift */ = {isa = PBXFileReference; lastKnownFileType = sourcecode.swift; path = WaitingView.swift; sourceTree = "<group>"; };
		E9C3D4262C22B6AD008FD08C /* CreditsView.swift */ = {isa = PBXFileReference; lastKnownFileType = sourcecode.swift; path = CreditsView.swift; sourceTree = "<group>"; };
		E9C3D4282C22BADD008FD08C /* AcknowledgementView.swift */ = {isa = PBXFileReference; lastKnownFileType = sourcecode.swift; path = AcknowledgementView.swift; sourceTree = "<group>"; };
		E9DD7FC82C2A999F00576C2E /* EndingViewModel.swift */ = {isa = PBXFileReference; lastKnownFileType = sourcecode.swift; path = EndingViewModel.swift; sourceTree = "<group>"; };
		E9DD7FCA2C2AA25A00576C2E /* EndProgressView.swift */ = {isa = PBXFileReference; fileEncoding = 4; lastKnownFileType = sourcecode.swift; path = EndProgressView.swift; sourceTree = "<group>"; };
		E9FD79432C20FECF004D531E /* VT323-Regular.ttf */ = {isa = PBXFileReference; lastKnownFileType = file; path = "VT323-Regular.ttf"; sourceTree = "<group>"; };
		E9FD79452C20FF5E004D531E /* ADVView.swift */ = {isa = PBXFileReference; lastKnownFileType = sourcecode.swift; path = ADVView.swift; sourceTree = "<group>"; };
/* End PBXFileReference section */

/* Begin PBXFrameworksBuildPhase section */
		212384BF2C1980F50019D2D4 /* Frameworks */ = {
			isa = PBXFrameworksBuildPhase;
			buildActionMask = 2147483647;
			files = (
			);
			runOnlyForDeploymentPostprocessing = 0;
		};
/* End PBXFrameworksBuildPhase section */

/* Begin PBXGroup section */
		211A34362C22F53E00F76A47 /* Utilities */ = {
			isa = PBXGroup;
			children = (
				E960D0F22C1A89DE00C3979B /* Fonts */,
				E960D0F52C1A89DE00C3979B /* Helpers */,
				E960D0F82C1A89DE00C3979B /* Music */,
				E960D0FC2C1A89DE00C3979B /* SFX */,
			);
			path = Utilities;
			sourceTree = "<group>";
		};
		212384B92C1980F50019D2D4 = {
			isa = PBXGroup;
			children = (
				E93E45ED2C1ACED60064EE2C /* Shuttle-of-Destiny-Info.plist */,
				212384C42C1980F50019D2D4 /* Shuttle of Destiny */,
				212384C32C1980F50019D2D4 /* Products */,
			);
			sourceTree = "<group>";
		};
		212384C32C1980F50019D2D4 /* Products */ = {
			isa = PBXGroup;
			children = (
				212384C22C1980F50019D2D4 /* Shuttle of Destiny.app */,
			);
			name = Products;
			sourceTree = "<group>";
		};
		212384C42C1980F50019D2D4 /* Shuttle of Destiny */ = {
			isa = PBXGroup;
			children = (
				E960D0FE2C1A89DE00C3979B /* Shuttle_of_DestinyApp.swift */,
				212384D62C1989D90019D2D4 /* Model */,
				E960D0FF2C1A89DE00C3979B /* View */,
				21AA40092C26E8AA004935D2 /* View Model */,
				211A34362C22F53E00F76A47 /* Utilities */,
				212384C92C1980F60019D2D4 /* Assets.xcassets */,
				212384CB2C1980F60019D2D4 /* Shuttle_of_Destiny.entitlements */,
				212384CC2C1980F60019D2D4 /* Preview Content */,
			);
			path = "Shuttle of Destiny";
			sourceTree = "<group>";
		};
		212384CC2C1980F60019D2D4 /* Preview Content */ = {
			isa = PBXGroup;
			children = (
				212384CD2C1980F60019D2D4 /* Preview Assets.xcassets */,
			);
			path = "Preview Content";
			sourceTree = "<group>";
		};
		212384D62C1989D90019D2D4 /* Model */ = {
			isa = PBXGroup;
			children = (
				E99A23F12C2414B400CF2FE0 /* Conversation.swift */,
				21AA400E2C26E9DA004935D2 /* SuddenPointModel.swift */,
				21AA400C2C26E932004935D2 /* PointModel.swift */,
			);
			path = Model;
			sourceTree = "<group>";
		};
		21AA40092C26E8AA004935D2 /* View Model */ = {
			isa = PBXGroup;
			children = (
				21AA400A2C26E900004935D2 /* SuddenEventLogic.swift */,
				E9DD7FC82C2A999F00576C2E /* EndingViewModel.swift */,
			);
			path = "View Model";
			sourceTree = "<group>";
		};
		E960D0F22C1A89DE00C3979B /* Fonts */ = {
			isa = PBXGroup;
			children = (
				E9FD79432C20FECF004D531E /* VT323-Regular.ttf */,
				E960D0F12C1A89DE00C3979B /* PressStart2P-Regular.ttf */,
			);
			path = Fonts;
			sourceTree = "<group>";
		};
		E960D0F52C1A89DE00C3979B /* Helpers */ = {
			isa = PBXGroup;
			children = (
				E960D0F32C1A89DE00C3979B /* Constants.swift */,
				E960D0F42C1A89DE00C3979B /* Helper.swift */,
				21AA40072C26E87C004935D2 /* Color.swift */,
			);
			path = Helpers;
			sourceTree = "<group>";
		};
		E960D0F82C1A89DE00C3979B /* Music */ = {
			isa = PBXGroup;
			children = (
				211A34382C22F57700F76A47 /* adv_music.mp3 */,
				211A343A2C22F57700F76A47 /* good_ed_music.mp3 */,
				211A34372C22F57700F76A47 /* bad_ed_music.mp3 */,
				211A34392C22F57700F76A47 /* neutral_ed_music.mp3 */,
				211A343B2C22F57700F76A47 /* prologue_music.mp3 */,
				E960D0F62C1A89DE00C3979B /* game_audio.mp3 */,
				E960D0F72C1A89DE00C3979B /* menu_audio.mp3 */,
			);
			path = Music;
			sourceTree = "<group>";
		};
		E960D0FC2C1A89DE00C3979B /* SFX */ = {
			isa = PBXGroup;
			children = (
				E960D0F92C1A89DE00C3979B /* click_sfx.mp3 */,
				E960D0FA2C1A89DE00C3979B /* end_of_day_sfx.mp3 */,
				E960D0FB2C1A89DE00C3979B /* start_of_day_sfx.mp3 */,
			);
			path = SFX;
			sourceTree = "<group>";
		};
		E960D0FF2C1A89DE00C3979B /* View */ = {
			isa = PBXGroup;
			children = (
				21AA40182C28A441004935D2 /* HomeScreenView.swift */,
				212384D42C1982780019D2D4 /* PrologView.swift */,
				E9039FAC2C21B280006182F6 /* EndingView.swift */,
				E9FD79452C20FF5E004D531E /* ADVView.swift */,
				E9C3D4262C22B6AD008FD08C /* CreditsView.swift */,
				E9C3D4282C22BADD008FD08C /* AcknowledgementView.swift */,
				21AA40102C26EA73004935D2 /* HomeView.swift */,
				21AA40122C26EAC0004935D2 /* DailyEvent.swift */,
				21AA40162C26EB3A004935D2 /* SuddenEventView.swift */,
				E9DD7FCA2C2AA25A00576C2E /* EndProgressView.swift */,
				E9C38DED2C2BAA22006F5B90 /* WaitingView.swift */,
			);
			path = View;
			sourceTree = "<group>";
		};
/* End PBXGroup section */

/* Begin PBXNativeTarget section */
		212384C12C1980F50019D2D4 /* Shuttle of Destiny */ = {
			isa = PBXNativeTarget;
			buildConfigurationList = 212384D12C1980F60019D2D4 /* Build configuration list for PBXNativeTarget "Shuttle of Destiny" */;
			buildPhases = (
				212384BE2C1980F50019D2D4 /* Sources */,
				212384BF2C1980F50019D2D4 /* Frameworks */,
				212384C02C1980F50019D2D4 /* Resources */,
			);
			buildRules = (
			);
			dependencies = (
			);
			name = "Shuttle of Destiny";
			productName = "Shuttle of Destiny";
			productReference = 212384C22C1980F50019D2D4 /* Shuttle of Destiny.app */;
			productType = "com.apple.product-type.application";
		};
/* End PBXNativeTarget section */

/* Begin PBXProject section */
		212384BA2C1980F50019D2D4 /* Project object */ = {
			isa = PBXProject;
			attributes = {
				BuildIndependentTargetsInParallel = 1;
				LastSwiftUpdateCheck = 1540;
				LastUpgradeCheck = 1540;
				TargetAttributes = {
					212384C12C1980F50019D2D4 = {
						CreatedOnToolsVersion = 15.4;
					};
				};
			};
			buildConfigurationList = 212384BD2C1980F50019D2D4 /* Build configuration list for PBXProject "Shuttle of Destiny" */;
			compatibilityVersion = "Xcode 14.0";
			developmentRegion = en;
			hasScannedForEncodings = 0;
			knownRegions = (
				en,
				Base,
			);
			mainGroup = 212384B92C1980F50019D2D4;
			productRefGroup = 212384C32C1980F50019D2D4 /* Products */;
			projectDirPath = "";
			projectRoot = "";
			targets = (
				212384C12C1980F50019D2D4 /* Shuttle of Destiny */,
			);
		};
/* End PBXProject section */

/* Begin PBXResourcesBuildPhase section */
		212384C02C1980F50019D2D4 /* Resources */ = {
			isa = PBXResourcesBuildPhase;
			buildActionMask = 2147483647;
			files = (
				E960D1062C1A89DE00C3979B /* end_of_day_sfx.mp3 in Resources */,
				E960D1072C1A89DE00C3979B /* start_of_day_sfx.mp3 in Resources */,
				E9FD79442C20FECF004D531E /* VT323-Regular.ttf in Resources */,
				211A343E2C22F57700F76A47 /* neutral_ed_music.mp3 in Resources */,
				211A343C2C22F57700F76A47 /* bad_ed_music.mp3 in Resources */,
				211A34402C22F57700F76A47 /* prologue_music.mp3 in Resources */,
				211A343F2C22F57700F76A47 /* good_ed_music.mp3 in Resources */,
				E960D1002C1A89DE00C3979B /* PressStart2P-Regular.ttf in Resources */,
				211A343D2C22F57700F76A47 /* adv_music.mp3 in Resources */,
				212384CE2C1980F60019D2D4 /* Preview Assets.xcassets in Resources */,
				E960D1042C1A89DE00C3979B /* menu_audio.mp3 in Resources */,
				E960D1052C1A89DE00C3979B /* click_sfx.mp3 in Resources */,
				212384CA2C1980F60019D2D4 /* Assets.xcassets in Resources */,
				E960D1032C1A89DE00C3979B /* game_audio.mp3 in Resources */,
			);
			runOnlyForDeploymentPostprocessing = 0;
		};
/* End PBXResourcesBuildPhase section */

/* Begin PBXSourcesBuildPhase section */
		212384BE2C1980F50019D2D4 /* Sources */ = {
			isa = PBXSourcesBuildPhase;
			buildActionMask = 2147483647;
			files = (
				E9C3D4292C22BADD008FD08C /* AcknowledgementView.swift in Sources */,
				E960D1092C1A89DE00C3979B /* Shuttle_of_DestinyApp.swift in Sources */,
				21AA40132C26EAC1004935D2 /* DailyEvent.swift in Sources */,
				212384D52C1982780019D2D4 /* PrologView.swift in Sources */,
				21AA40082C26E87C004935D2 /* Color.swift in Sources */,
				E99A23F32C2414B400CF2FE0 /* Conversation.swift in Sources */,
				E9C38DEE2C2BAA22006F5B90 /* WaitingView.swift in Sources */,
				21AA40192C28A441004935D2 /* HomeScreenView.swift in Sources */,
				21AA400F2C26E9DA004935D2 /* SuddenPointModel.swift in Sources */,
				E9DD7FCB2C2AA25A00576C2E /* EndProgressView.swift in Sources */,
				21AA400D2C26E932004935D2 /* PointModel.swift in Sources */,
				E960D1022C1A89DE00C3979B /* Helper.swift in Sources */,
				21AA40112C26EA73004935D2 /* HomeView.swift in Sources */,
				21AA400B2C26E900004935D2 /* SuddenEventLogic.swift in Sources */,
				E9DD7FC92C2A999F00576C2E /* EndingViewModel.swift in Sources */,
				E9039FAD2C21B280006182F6 /* EndingView.swift in Sources */,
				21AA40172C26EB3A004935D2 /* SuddenEventView.swift in Sources */,
				E9FD79462C20FF5E004D531E /* ADVView.swift in Sources */,
				E960D1012C1A89DE00C3979B /* Constants.swift in Sources */,
				E9C3D4272C22B6AD008FD08C /* CreditsView.swift in Sources */,
			);
			runOnlyForDeploymentPostprocessing = 0;
		};
/* End PBXSourcesBuildPhase section */

/* Begin XCBuildConfiguration section */
		212384CF2C1980F60019D2D4 /* Debug */ = {
			isa = XCBuildConfiguration;
			buildSettings = {
				ALWAYS_SEARCH_USER_PATHS = NO;
				ASSETCATALOG_COMPILER_GENERATE_SWIFT_ASSET_SYMBOL_EXTENSIONS = YES;
				CLANG_ANALYZER_NONNULL = YES;
				CLANG_ANALYZER_NUMBER_OBJECT_CONVERSION = YES_AGGRESSIVE;
				CLANG_CXX_LANGUAGE_STANDARD = "gnu++20";
				CLANG_ENABLE_MODULES = YES;
				CLANG_ENABLE_OBJC_ARC = YES;
				CLANG_ENABLE_OBJC_WEAK = YES;
				CLANG_WARN_BLOCK_CAPTURE_AUTORELEASING = YES;
				CLANG_WARN_BOOL_CONVERSION = YES;
				CLANG_WARN_COMMA = YES;
				CLANG_WARN_CONSTANT_CONVERSION = YES;
				CLANG_WARN_DEPRECATED_OBJC_IMPLEMENTATIONS = YES;
				CLANG_WARN_DIRECT_OBJC_ISA_USAGE = YES_ERROR;
				CLANG_WARN_DOCUMENTATION_COMMENTS = YES;
				CLANG_WARN_EMPTY_BODY = YES;
				CLANG_WARN_ENUM_CONVERSION = YES;
				CLANG_WARN_INFINITE_RECURSION = YES;
				CLANG_WARN_INT_CONVERSION = YES;
				CLANG_WARN_NON_LITERAL_NULL_CONVERSION = YES;
				CLANG_WARN_OBJC_IMPLICIT_RETAIN_SELF = YES;
				CLANG_WARN_OBJC_LITERAL_CONVERSION = YES;
				CLANG_WARN_OBJC_ROOT_CLASS = YES_ERROR;
				CLANG_WARN_QUOTED_INCLUDE_IN_FRAMEWORK_HEADER = YES;
				CLANG_WARN_RANGE_LOOP_ANALYSIS = YES;
				CLANG_WARN_STRICT_PROTOTYPES = YES;
				CLANG_WARN_SUSPICIOUS_MOVE = YES;
				CLANG_WARN_UNGUARDED_AVAILABILITY = YES_AGGRESSIVE;
				CLANG_WARN_UNREACHABLE_CODE = YES;
				CLANG_WARN__DUPLICATE_METHOD_MATCH = YES;
				COPY_PHASE_STRIP = NO;
				DEBUG_INFORMATION_FORMAT = dwarf;
				ENABLE_STRICT_OBJC_MSGSEND = YES;
				ENABLE_TESTABILITY = YES;
				ENABLE_USER_SCRIPT_SANDBOXING = YES;
				GCC_C_LANGUAGE_STANDARD = gnu17;
				GCC_DYNAMIC_NO_PIC = NO;
				GCC_NO_COMMON_BLOCKS = YES;
				GCC_OPTIMIZATION_LEVEL = 0;
				GCC_PREPROCESSOR_DEFINITIONS = (
					"DEBUG=1",
					"$(inherited)",
				);
				GCC_WARN_64_TO_32_BIT_CONVERSION = YES;
				GCC_WARN_ABOUT_RETURN_TYPE = YES_ERROR;
				GCC_WARN_UNDECLARED_SELECTOR = YES;
				GCC_WARN_UNINITIALIZED_AUTOS = YES_AGGRESSIVE;
				GCC_WARN_UNUSED_FUNCTION = YES;
				GCC_WARN_UNUSED_VARIABLE = YES;
				LOCALIZATION_PREFERS_STRING_CATALOGS = YES;
				MTL_ENABLE_DEBUG_INFO = INCLUDE_SOURCE;
				MTL_FAST_MATH = YES;
				ONLY_ACTIVE_ARCH = YES;
				SWIFT_ACTIVE_COMPILATION_CONDITIONS = "DEBUG $(inherited)";
				SWIFT_OPTIMIZATION_LEVEL = "-Onone";
			};
			name = Debug;
		};
		212384D02C1980F60019D2D4 /* Release */ = {
			isa = XCBuildConfiguration;
			buildSettings = {
				ALWAYS_SEARCH_USER_PATHS = NO;
				ASSETCATALOG_COMPILER_GENERATE_SWIFT_ASSET_SYMBOL_EXTENSIONS = YES;
				CLANG_ANALYZER_NONNULL = YES;
				CLANG_ANALYZER_NUMBER_OBJECT_CONVERSION = YES_AGGRESSIVE;
				CLANG_CXX_LANGUAGE_STANDARD = "gnu++20";
				CLANG_ENABLE_MODULES = YES;
				CLANG_ENABLE_OBJC_ARC = YES;
				CLANG_ENABLE_OBJC_WEAK = YES;
				CLANG_WARN_BLOCK_CAPTURE_AUTORELEASING = YES;
				CLANG_WARN_BOOL_CONVERSION = YES;
				CLANG_WARN_COMMA = YES;
				CLANG_WARN_CONSTANT_CONVERSION = YES;
				CLANG_WARN_DEPRECATED_OBJC_IMPLEMENTATIONS = YES;
				CLANG_WARN_DIRECT_OBJC_ISA_USAGE = YES_ERROR;
				CLANG_WARN_DOCUMENTATION_COMMENTS = YES;
				CLANG_WARN_EMPTY_BODY = YES;
				CLANG_WARN_ENUM_CONVERSION = YES;
				CLANG_WARN_INFINITE_RECURSION = YES;
				CLANG_WARN_INT_CONVERSION = YES;
				CLANG_WARN_NON_LITERAL_NULL_CONVERSION = YES;
				CLANG_WARN_OBJC_IMPLICIT_RETAIN_SELF = YES;
				CLANG_WARN_OBJC_LITERAL_CONVERSION = YES;
				CLANG_WARN_OBJC_ROOT_CLASS = YES_ERROR;
				CLANG_WARN_QUOTED_INCLUDE_IN_FRAMEWORK_HEADER = YES;
				CLANG_WARN_RANGE_LOOP_ANALYSIS = YES;
				CLANG_WARN_STRICT_PROTOTYPES = YES;
				CLANG_WARN_SUSPICIOUS_MOVE = YES;
				CLANG_WARN_UNGUARDED_AVAILABILITY = YES_AGGRESSIVE;
				CLANG_WARN_UNREACHABLE_CODE = YES;
				CLANG_WARN__DUPLICATE_METHOD_MATCH = YES;
				COPY_PHASE_STRIP = NO;
				DEBUG_INFORMATION_FORMAT = "dwarf-with-dsym";
				ENABLE_NS_ASSERTIONS = NO;
				ENABLE_STRICT_OBJC_MSGSEND = YES;
				ENABLE_USER_SCRIPT_SANDBOXING = YES;
				GCC_C_LANGUAGE_STANDARD = gnu17;
				GCC_NO_COMMON_BLOCKS = YES;
				GCC_WARN_64_TO_32_BIT_CONVERSION = YES;
				GCC_WARN_ABOUT_RETURN_TYPE = YES_ERROR;
				GCC_WARN_UNDECLARED_SELECTOR = YES;
				GCC_WARN_UNINITIALIZED_AUTOS = YES_AGGRESSIVE;
				GCC_WARN_UNUSED_FUNCTION = YES;
				GCC_WARN_UNUSED_VARIABLE = YES;
				LOCALIZATION_PREFERS_STRING_CATALOGS = YES;
				MTL_ENABLE_DEBUG_INFO = NO;
				MTL_FAST_MATH = YES;
				SWIFT_COMPILATION_MODE = wholemodule;
			};
			name = Release;
		};
		212384D22C1980F60019D2D4 /* Debug */ = {
			isa = XCBuildConfiguration;
			buildSettings = {
				ASSETCATALOG_COMPILER_APPICON_NAME = AppIcon;
				ASSETCATALOG_COMPILER_GLOBAL_ACCENT_COLOR_NAME = AccentColor;
				ASSETCATALOG_COMPILER_INCLUDE_ALL_APPICON_ASSETS = NO;
				CODE_SIGN_ENTITLEMENTS = "Shuttle of Destiny/Shuttle_of_Destiny.entitlements";
				CODE_SIGN_STYLE = Automatic;
				CURRENT_PROJECT_VERSION = 1;
				DEVELOPMENT_ASSET_PATHS = "\"Shuttle of Destiny/Preview Content\"";
				DEVELOPMENT_TEAM = MRV3669B85;
				ENABLE_HARDENED_RUNTIME = YES;
				ENABLE_PREVIEWS = YES;
				GENERATE_INFOPLIST_FILE = YES;
				INFOPLIST_FILE = "Shuttle-of-Destiny-Info.plist";
				INFOPLIST_KEY_CFBundleDisplayName = "Shuttle of Destiny";
				INFOPLIST_KEY_LSApplicationCategoryType = "public.app-category.adventure-games";
				"INFOPLIST_KEY_UIApplicationSceneManifest_Generation[sdk=iphoneos*]" = YES;
				"INFOPLIST_KEY_UIApplicationSceneManifest_Generation[sdk=iphonesimulator*]" = YES;
				"INFOPLIST_KEY_UIApplicationSupportsIndirectInputEvents[sdk=iphoneos*]" = YES;
				"INFOPLIST_KEY_UIApplicationSupportsIndirectInputEvents[sdk=iphonesimulator*]" = YES;
				"INFOPLIST_KEY_UILaunchScreen_Generation[sdk=iphoneos*]" = YES;
				"INFOPLIST_KEY_UILaunchScreen_Generation[sdk=iphonesimulator*]" = YES;
				INFOPLIST_KEY_UIRequiresFullScreen = YES;
				INFOPLIST_KEY_UIStatusBarHidden = YES;
				INFOPLIST_KEY_UIStatusBarStyle = UIStatusBarStyleDarkContent;
				"INFOPLIST_KEY_UIStatusBarStyle[sdk=iphoneos*]" = UIStatusBarStyleDefault;
				"INFOPLIST_KEY_UIStatusBarStyle[sdk=iphonesimulator*]" = UIStatusBarStyleDefault;
				INFOPLIST_KEY_UISupportedInterfaceOrientations = "UIInterfaceOrientationLandscapeLeft UIInterfaceOrientationLandscapeRight";
				IPHONEOS_DEPLOYMENT_TARGET = 17.5;
				LD_RUNPATH_SEARCH_PATHS = "@executable_path/Frameworks";
				"LD_RUNPATH_SEARCH_PATHS[sdk=macosx*]" = "@executable_path/../Frameworks";
				MACOSX_DEPLOYMENT_TARGET = 14.5;
				MARKETING_VERSION = 1.0;
				PRODUCT_BUNDLE_IDENTIFIER = lonard.shuttleofdestiny;
				PRODUCT_NAME = "$(TARGET_NAME)";
				SDKROOT = auto;
				SUPPORTED_PLATFORMS = "iphoneos iphonesimulator";
				SUPPORTS_MACCATALYST = YES;
				SWIFT_EMIT_LOC_STRINGS = YES;
				SWIFT_VERSION = 5.0;
				TARGETED_DEVICE_FAMILY = "1,2";
			};
			name = Debug;
		};
		212384D32C1980F60019D2D4 /* Release */ = {
			isa = XCBuildConfiguration;
			buildSettings = {
				ASSETCATALOG_COMPILER_APPICON_NAME = AppIcon;
				ASSETCATALOG_COMPILER_GLOBAL_ACCENT_COLOR_NAME = AccentColor;
				ASSETCATALOG_COMPILER_INCLUDE_ALL_APPICON_ASSETS = NO;
				CODE_SIGN_ENTITLEMENTS = "Shuttle of Destiny/Shuttle_of_Destiny.entitlements";
				CODE_SIGN_STYLE = Automatic;
				CURRENT_PROJECT_VERSION = 1;
				DEVELOPMENT_ASSET_PATHS = "\"Shuttle of Destiny/Preview Content\"";
				DEVELOPMENT_TEAM = MRV3669B85;
				ENABLE_HARDENED_RUNTIME = YES;
				ENABLE_PREVIEWS = YES;
				GENERATE_INFOPLIST_FILE = YES;
				INFOPLIST_FILE = "Shuttle-of-Destiny-Info.plist";
				INFOPLIST_KEY_CFBundleDisplayName = "Shuttle of Destiny";
				INFOPLIST_KEY_LSApplicationCategoryType = "public.app-category.adventure-games";
				"INFOPLIST_KEY_UIApplicationSceneManifest_Generation[sdk=iphoneos*]" = YES;
				"INFOPLIST_KEY_UIApplicationSceneManifest_Generation[sdk=iphonesimulator*]" = YES;
				"INFOPLIST_KEY_UIApplicationSupportsIndirectInputEvents[sdk=iphoneos*]" = YES;
				"INFOPLIST_KEY_UIApplicationSupportsIndirectInputEvents[sdk=iphonesimulator*]" = YES;
				"INFOPLIST_KEY_UILaunchScreen_Generation[sdk=iphoneos*]" = YES;
				"INFOPLIST_KEY_UILaunchScreen_Generation[sdk=iphonesimulator*]" = YES;
				INFOPLIST_KEY_UIRequiresFullScreen = YES;
				INFOPLIST_KEY_UIStatusBarHidden = YES;
				INFOPLIST_KEY_UIStatusBarStyle = UIStatusBarStyleDarkContent;
				"INFOPLIST_KEY_UIStatusBarStyle[sdk=iphoneos*]" = UIStatusBarStyleDefault;
				"INFOPLIST_KEY_UIStatusBarStyle[sdk=iphonesimulator*]" = UIStatusBarStyleDefault;
				INFOPLIST_KEY_UISupportedInterfaceOrientations = "UIInterfaceOrientationLandscapeLeft UIInterfaceOrientationLandscapeRight";
				IPHONEOS_DEPLOYMENT_TARGET = 17.5;
				LD_RUNPATH_SEARCH_PATHS = "@executable_path/Frameworks";
				"LD_RUNPATH_SEARCH_PATHS[sdk=macosx*]" = "@executable_path/../Frameworks";
				MACOSX_DEPLOYMENT_TARGET = 14.5;
				MARKETING_VERSION = 1.0;
				PRODUCT_BUNDLE_IDENTIFIER = lonard.shuttleofdestiny;
				PRODUCT_NAME = "$(TARGET_NAME)";
				SDKROOT = auto;
				SUPPORTED_PLATFORMS = "iphoneos iphonesimulator";
				SUPPORTS_MACCATALYST = YES;
				SWIFT_EMIT_LOC_STRINGS = YES;
				SWIFT_VERSION = 5.0;
				TARGETED_DEVICE_FAMILY = "1,2";
			};
			name = Release;
		};
/* End XCBuildConfiguration section */

/* Begin XCConfigurationList section */
		212384BD2C1980F50019D2D4 /* Build configuration list for PBXProject "Shuttle of Destiny" */ = {
			isa = XCConfigurationList;
			buildConfigurations = (
				212384CF2C1980F60019D2D4 /* Debug */,
				212384D02C1980F60019D2D4 /* Release */,
			);
			defaultConfigurationIsVisible = 0;
			defaultConfigurationName = Release;
		};
		212384D12C1980F60019D2D4 /* Build configuration list for PBXNativeTarget "Shuttle of Destiny" */ = {
			isa = XCConfigurationList;
			buildConfigurations = (
				212384D22C1980F60019D2D4 /* Debug */,
				212384D32C1980F60019D2D4 /* Release */,
			);
			defaultConfigurationIsVisible = 0;
			defaultConfigurationName = Release;
		};
/* End XCConfigurationList section */
	};
	rootObject = 212384BA2C1980F50019D2D4 /* Project object */;
}
